
Microsoft Visual Studio Solution File, Format Version 12.00
# Visual Studio Version 16
VisualStudioVersion = 16.0.31624.102
MinimumVisualStudioVersion = 10.0.40219.1
Project("{FAE04EC0-301F-11D3-BF4B-00C04F79EFBC}") = "SongDetails", "SongDetails\SongDetails.csproj", "{719276A7-51A0-4CBC-B055-F79D5DAC9F19}"
EndProject
Global
	GlobalSection(SolutionConfigurationPlatforms) = preSolution
		Debug|Any CPU = Debug|Any CPU
		Release|Any CPU = Release|Any CPU
	EndGlobalSection
	GlobalSection(ProjectConfigurationPlatforms) = postSolution
		{719276A7-51A0-4CBC-B055-F79D5DAC9F19}.Debug|Any CPU.ActiveCfg = Debug|Any CPU
		{719276A7-51A0-4CBC-B055-F79D5DAC9F19}.Debug|Any CPU.Build.0 = Debug|Any CPU
		{719276A7-51A0-4CBC-B055-F79D5DAC9F19}.Release|Any CPU.ActiveCfg = Release|Any CPU
		{719276A7-51A0-4CBC-B055-F79D5DAC9F19}.Release|Any CPU.Build.0 = Release|Any CPU
	EndGlobalSection
	GlobalSection(SolutionProperties) = preSolution
		HideSolutionNode = FALSE
	EndGlobalSection
	GlobalSection(ExtensibilityGlobals) = postSolution
		SolutionGuid = {787A707B-FE6F-49C3-9C99-3C0830627003}
	EndGlobalSection
EndGlobal
